<?xml version="1.0" encoding="utf-8"?>
<Project ToolsVersion="4.0" xmlns="http://schemas.microsoft.com/developer/msbuild/2003">
  <ItemGroup>
    <Filter Include="ソース ファイル">
      <UniqueIdentifier>{4FC737F1-C7A5-4376-A066-2A32D752A2FF}</UniqueIdentifier>
      <Extensions>cpp;c;cc;cxx;c++;cppm;ixx;def;odl;idl;hpj;bat;asm;asmx</Extensions>
    </Filter>
    <Filter Include="ヘッダー ファイル">
      <UniqueIdentifier>{93995380-89BD-4b04-88EB-625FBE52EBFB}</UniqueIdentifier>
      <Extensions>h;hh;hpp;hxx;h++;hm;inl;inc;ipp;xsd</Extensions>
    </Filter>
    <Filter Include="リソース ファイル">
      <UniqueIdentifier>{67DA6AB6-F800-4c08-8B7A-83BB121AAD01}</UniqueIdentifier>
      <Extensions>rc;ico;cur;bmp;dlg;rc2;rct;bin;rgs;gif;jpg;jpeg;jpe;resx;tiff;tif;png;wav;mfcribbon-ms</Extensions>
    </Filter>
  </ItemGroup>
  <ItemGroup>
    <ClCompile Include="Library\Application\Main.cpp">
      <Filter>ソース ファイル</Filter>
    </ClCompile>
    <ClCompile Include="Library\Application\Framework.cpp">
      <Filter>ソース ファイル</Filter>
    </ClCompile>
    <ClCompile Include="Library\Math\Quaternion.cpp">
      <Filter>ソース ファイル</Filter>
    </ClCompile>
    <ClCompile Include="Library\Math\Transform.cpp">
      <Filter>ソース ファイル</Filter>
    </ClCompile>
    <ClCompile Include="Library\Math\Vector.cpp">
      <Filter>ソース ファイル</Filter>
    </ClCompile>
    <ClCompile Include="Library\ImGui\imgui_ja_gryph_ranges.cpp">
      <Filter>ソース ファイル</Filter>
    </ClCompile>
    <ClCompile Include="Library\ImGui\ImGuiManager.cpp">
      <Filter>ソース ファイル</Filter>
    </ClCompile>
    <ClCompile Include="Library\Graphics\Graphics.cpp">
      <Filter>ソース ファイル</Filter>
    </ClCompile>
    <ClCompile Include="Library\Graphics\ConstantBufferManager.cpp">
      <Filter>ソース ファイル</Filter>
    </ClCompile>
    <ClCompile Include="Library\ResourceManager\GpuResourceManager.cpp">
      <Filter>ソース ファイル</Filter>
    </ClCompile>
    <ClCompile Include="Library\Graphics\RenderState.cpp">
      <Filter>ソース ファイル</Filter>
    </ClCompile>
    <ClCompile Include="Library\DebugSupporter\Camera\DebugCamera.cpp">
      <Filter>ソース ファイル</Filter>
    </ClCompile>
    <ClCompile Include="Library\DebugSupporter\Renderer\DebugRenderer.cpp">
      <Filter>ソース ファイル</Filter>
    </ClCompile>
    <ClCompile Include="Library\DebugSupporter\DebugSupporter.cpp">
      <Filter>ソース ファイル</Filter>
    </ClCompile>
    <ClCompile Include="Library\Camera\Camera.cpp">
      <Filter>ソース ファイル</Filter>
    </ClCompile>
    <ClCompile Include="Library\Camera\CameraController.cpp">
      <Filter>ソース ファイル</Filter>
    </ClCompile>
    <ClCompile Include="Library\Input\ManagedTarget\GamePadInput.cpp">
      <Filter>ソース ファイル</Filter>
    </ClCompile>
    <ClCompile Include="Library\Input\ManagedTarget\KeybordInput.cpp">
      <Filter>ソース ファイル</Filter>
    </ClCompile>
    <ClCompile Include="Library\Input\ManagedTarget\MouseInput.cpp">
      <Filter>ソース ファイル</Filter>
    </ClCompile>
    <ClCompile Include="Library\Input\Input.cpp">
      <Filter>ソース ファイル</Filter>
    </ClCompile>
    <ClCompile Include="Library\ImGui\imgui-docking\imgui.cpp">
      <Filter>ソース ファイル</Filter>
    </ClCompile>
    <ClCompile Include="Library\ImGui\imgui-docking\imgui_demo.cpp">
      <Filter>ソース ファイル</Filter>
    </ClCompile>
    <ClCompile Include="Library\ImGui\imgui-docking\imgui_draw.cpp">
      <Filter>ソース ファイル</Filter>
    </ClCompile>
    <ClCompile Include="Library\ImGui\imgui-docking\imgui_impl_dx11.cpp">
      <Filter>ソース ファイル</Filter>
    </ClCompile>
    <ClCompile Include="Library\ImGui\imgui-docking\imgui_impl_win32.cpp">
      <Filter>ソース ファイル</Filter>
    </ClCompile>
    <ClCompile Include="Library\ImGui\imgui-docking\imgui_widgets.cpp">
      <Filter>ソース ファイル</Filter>
    </ClCompile>
    <ClCompile Include="Library\ImGui\ImGuizmo\ImCurveEdit.cpp">
      <Filter>ソース ファイル</Filter>
    </ClCompile>
    <ClCompile Include="Library\ImGui\ImGuizmo\ImGradient.cpp">
      <Filter>ソース ファイル</Filter>
    </ClCompile>
    <ClCompile Include="Library\ImGui\ImGuizmo\ImGuizmo.cpp">
      <Filter>ソース ファイル</Filter>
    </ClCompile>
    <ClCompile Include="Library\ImGui\ImGuizmo\ImSequencer.cpp">
      <Filter>ソース ファイル</Filter>
    </ClCompile>
    <ClCompile Include="Library\Scene\Test\SceneDebug.cpp">
      <Filter>ソース ファイル</Filter>
    </ClCompile>
    <ClCompile Include="Library\Scene\SceneLoading.cpp">
      <Filter>ソース ファイル</Filter>
    </ClCompile>
    <ClCompile Include="Library\Scene\SceneManager.cpp">
      <Filter>ソース ファイル</Filter>
    </ClCompile>
    <ClCompile Include="Library\Model\ModelResource.cpp">
      <Filter>ソース ファイル</Filter>
    </ClCompile>
    <ClCompile Include="Library\ResourceManager\ModelResourceManager.cpp">
      <Filter>ソース ファイル</Filter>
    </ClCompile>
    <ClCompile Include="Library\Renderer\PrimitiveRenderer.cpp">
      <Filter>ソース ファイル</Filter>
    </ClCompile>
    <ClCompile Include="Library\Model\Model.cpp">
      <Filter>ソース ファイル</Filter>
    </ClCompile>
    <ClCompile Include="Library\2D\SkyMap.cpp">
      <Filter>ソース ファイル</Filter>
    </ClCompile>
    <ClCompile Include="Library\Shader\CascadedShadowMap\CascadedShadowMapShader.cpp">
      <Filter>ソース ファイル</Filter>
    </ClCompile>
    <ClCompile Include="Library\Shader\Phong\PhongShader.cpp">
      <Filter>ソース ファイル</Filter>
    </ClCompile>
    <ClCompile Include="Library\2D\Primitive.cpp">
      <Filter>ソース ファイル</Filter>
    </ClCompile>
    <ClCompile Include="Library\2D\Sprite.cpp">
      <Filter>ソース ファイル</Filter>
    </ClCompile>
    <ClCompile Include="Library\ImGui\imgui-docking\imgui_stdlib.cpp">
      <Filter>ソース ファイル</Filter>
    </ClCompile>
    <ClCompile Include="Library\Actor\Actor.cpp">
      <Filter>ソース ファイル</Filter>
    </ClCompile>
    <ClCompile Include="Library\Actor\ActorManager.cpp">
      <Filter>ソース ファイル</Filter>
    </ClCompile>
    <ClCompile Include="Library\Component\ShapeController.cpp">
      <Filter>ソース ファイル</Filter>
    </ClCompile>
    <ClCompile Include="Library\Component\Light\LightController.cpp">
      <Filter>ソース ファイル</Filter>
    </ClCompile>
    <ClCompile Include="Library\Component\Light\PointLightController.cpp">
      <Filter>ソース ファイル</Filter>
    </ClCompile>
    <ClCompile Include="Library\PostProcess\PostProcessManager.cpp">
      <Filter>ソース ファイル</Filter>
    </ClCompile>
    <ClCompile Include="Library\PostProcess\PostProcessBase.cpp">
      <Filter>ソース ファイル</Filter>
    </ClCompile>
    <ClCompile Include="Library\PostProcess\FrameBuffer.cpp">
      <Filter>ソース ファイル</Filter>
    </ClCompile>
    <ClCompile Include="Library\PostProcess\CascadedShadowMap\CascadedShadowMap.cpp">
      <Filter>ソース ファイル</Filter>
    </ClCompile>
    <ClCompile Include="Library\PostProcess\ChromaticAberration\ChromaticAberration.cpp">
      <Filter>ソース ファイル</Filter>
    </ClCompile>
    <ClCompile Include="Library\PostProcess\GaussianFilter\GaussianFilter.cpp">
      <Filter>ソース ファイル</Filter>
    </ClCompile>
    <ClCompile Include="Library\PostProcess\RadialBlur\RadialBlur.cpp">
      <Filter>ソース ファイル</Filter>
    </ClCompile>
    <ClCompile Include="Library\Component\Animator.cpp">
      <Filter>ソース ファイル</Filter>
    </ClCompile>
    <ClCompile Include="Library\Shader\Ramp\RampShader.cpp">
      <Filter>ソース ファイル</Filter>
    </ClCompile>
    <ClCompile Include="Library\PostProcess\RobertsCross\RobertsCross.cpp">
      <Filter>ソース ファイル</Filter>
    </ClCompile>
    <ClCompile Include="Library\Scene\Scene.cpp">
      <Filter>ソース ファイル</Filter>
    </ClCompile>
    <ClCompile Include="Library\Graphics\GBuffer.cpp">
      <Filter>ソース ファイル</Filter>
    </ClCompile>
    <ClCompile Include="Library\Component\ModelRenderer.cpp">
      <Filter>ソース ファイル</Filter>
    </ClCompile>
    <ClCompile Include="Library\PostProcess\FinalPass\FinalPass.cpp">
      <Filter>ソース ファイル</Filter>
    </ClCompile>
    <ClCompile Include="Library\Renderer\MeshRenderer.cpp">
      <Filter>ソース ファイル</Filter>
    </ClCompile>
    <ClCompile Include="Library\Shader\Grass\GrassShader.cpp">
      <Filter>ソース ファイル</Filter>
    </ClCompile>
    <ClCompile Include="Source\Component\Stage\GrassController.cpp">
      <Filter>ソース ファイル</Filter>
    </ClCompile>
    <ClCompile Include="Library\Shader\PBR\PBRShader.cpp">
      <Filter>ソース ファイル</Filter>
    </ClCompile>
    <ClCompile Include="Source\Actor\Player\PlayerActor.cpp">
      <Filter>ソース ファイル</Filter>
    </ClCompile>
    <ClCompile Include="Library\PostProcess\GlowExtraction\GlowExtraction.cpp">
      <Filter>ソース ファイル</Filter>
    </ClCompile>
    <ClCompile Include="Library\PostProcess\DepthOfField\DepthOfField.cpp">
      <Filter>ソース ファイル</Filter>
    </ClCompile>
    <ClCompile Include="Library\PostProcess\FXAA\FXAA.cpp">
      <Filter>ソース ファイル</Filter>
    </ClCompile>
    <ClCompile Include="Source\Actor\Player\PlayerSwordActor.cpp">
      <Filter>ソース ファイル</Filter>
    </ClCompile>
    <ClCompile Include="Source\Actor\Player\PlayerShieldActor.cpp">
      <Filter>ソース ファイル</Filter>
    </ClCompile>
    <ClCompile Include="Source\Component\Player\PlayerInput.cpp">
      <Filter>ソース ファイル</Filter>
    </ClCompile>
    <ClCompile Include="Library\Component\Rigidbody.cpp">
      <Filter>ソース ファイル</Filter>
    </ClCompile>
    <ClCompile Include="Library\ImGui\ImGuiProfiler.cpp">
      <Filter>ソース ファイル</Filter>
    </ClCompile>
    <ClCompile Include="Library\JobSystem\JobSystem.cpp">
      <Filter>ソース ファイル</Filter>
    </ClCompile>
    <ClCompile Include="Source\Component\Player\PlayerController.cpp">
      <Filter>ソース ファイル</Filter>
    </ClCompile>
    <ClCompile Include="Source\Scene\Test\ScenePlayerDebug.cpp">
      <Filter>ソース ファイル</Filter>
    </ClCompile>
    <ClCompile Include="Source\Scene\Test\SceneDragonDebug.cpp">
      <Filter>ソース ファイル</Filter>
    </ClCompile>
    <ClCompile Include="Library\Actor\Camera\MainCamera.cpp">
      <Filter>ソース ファイル</Filter>
    </ClCompile>
    <ClCompile Include="Source\Actor\WeaponActor.cpp">
      <Filter>ソース ファイル</Filter>
    </ClCompile>
    <ClCompile Include="Source\Scene\Test\SceneCollisionDebug.cpp">
      <Filter>ソース ファイル</Filter>
    </ClCompile>
    <ClCompile Include="Library\Scene\Editor\SceneModelEditor.cpp">
      <Filter>ソース ファイル</Filter>
    </ClCompile>
    <ClCompile Include="Library\Network\ClientAssignment.cpp">
      <Filter>ソース ファイル</Filter>
    </ClCompile>
    <ClCompile Include="Source\Scene\Test\SceneNetworkDebug.cpp">
      <Filter>ソース ファイル</Filter>
    </ClCompile>
    <ClCompile Include="Source\Actor\Mediator\NetworkMediator.cpp">
      <Filter>ソース ファイル</Filter>
    </ClCompile>
    <ClCompile Include="Library\Component\CharactorController.cpp">
      <Filter>ソース ファイル</Filter>
    </ClCompile>
    <ClCompile Include="Source\Component\Camera\PlayerCameraController.cpp">
      <Filter>ソース ファイル</Filter>
    </ClCompile>
    <ClCompile Include="Source\Actor\Stage\StageActor.cpp">
      <Filter>ソース ファイル</Filter>
    </ClCompile>
    <ClCompile Include="Library\Component\Collider\MeshCollider.cpp">
      <Filter>ソース ファイル</Filter>
    </ClCompile>
    <ClCompile Include="Library\Collision\CollisionManager.cpp">
      <Filter>ソース ファイル</Filter>
    </ClCompile>
    <ClCompile Include="Library\Component\Collider\SphereCollider.cpp">
      <Filter>ソース ファイル</Filter>
    </ClCompile>
    <ClCompile Include="Library\Component\Collider\BoxCollider.cpp">
      <Filter>ソース ファイル</Filter>
    </ClCompile>
    <ClCompile Include="Library\Component\Collider\CapsuleCollider.cpp">
      <Filter>ソース ファイル</Filter>
    </ClCompile>
    <ClCompile Include="Library\Component\Collider\ColliderBase.cpp">
      <Filter>ソース ファイル</Filter>
    </ClCompile>
    <ClCompile Include="Library\Collision\CollisionMath.cpp">
      <Filter>ソース ファイル</Filter>
    </ClCompile>
    <ClCompile Include="Library\Algorithm\Converter.cpp">
      <Filter>ソース ファイル</Filter>
    </ClCompile>
    <ClCompile Include="Source\StateMachine\Player\PlayerStateMachine.cpp">
      <Filter>ソース ファイル</Filter>
    </ClCompile>
    <ClCompile Include="Library\Model\AnimationEvent.cpp">
      <Filter>ソース ファイル</Filter>
    </ClCompile>
    <ClCompile Include="Source\Actor\Enemy\Dummy\DummyActor.cpp">
      <Filter>ソース ファイル</Filter>
    </ClCompile>
    <ClCompile Include="Source\Component\Enemy\EnemyController.cpp">
      <Filter>ソース ファイル</Filter>
    </ClCompile>
    <ClCompile Include="Library\Component\Collider\ModelCollider.cpp">
      <Filter>ソース ファイル</Filter>
    </ClCompile>
    <ClCompile Include="Library\Model\ModelCollision.cpp">
      <Filter>ソース ファイル</Filter>
    </ClCompile>
    <ClCompile Include="Library\Renderer\TextureRenderer.cpp">
      <Filter>ソース ファイル</Filter>
    </ClCompile>
    <ClCompile Include="Library\Material\Material.cpp">
      <Filter>ソース ファイル</Filter>
    </ClCompile>
    <ClCompile Include="Source\Component\Enemy\Dummy\DummyEnemyController.cpp">
      <Filter>ソース ファイル</Filter>
    </ClCompile>
    <ClCompile Include="Source\Component\Enemy\Wyvern\WyvernEnemyController.cpp">
      <Filter>ソース ファイル</Filter>
    </ClCompile>
    <ClCompile Include="Source\StateMachine\Enemy\Wyvern\WyvernStateMachine.cpp">
      <Filter>ソース ファイル</Filter>
    </ClCompile>
    <ClCompile Include="Source\Actor\Enemy\Wyvern\WyvernActor.cpp">
      <Filter>ソース ファイル</Filter>
    </ClCompile>
  </ItemGroup>
  <ItemGroup>
    <ClInclude Include="Library\Math\HighPrecisionTimer.h">
      <Filter>ヘッダー ファイル</Filter>
    </ClInclude>
    <ClInclude Include="Library\Application\Framework.h">
      <Filter>ヘッダー ファイル</Filter>
    </ClInclude>
    <ClInclude Include="Library\Math\Easing.h">
      <Filter>ヘッダー ファイル</Filter>
    </ClInclude>
    <ClInclude Include="Library\Math\Quaternion.h">
      <Filter>ヘッダー ファイル</Filter>
    </ClInclude>
    <ClInclude Include="Library\Math\Random.h">
      <Filter>ヘッダー ファイル</Filter>
    </ClInclude>
    <ClInclude Include="Library\Math\Transform.h">
      <Filter>ヘッダー ファイル</Filter>
    </ClInclude>
    <ClInclude Include="Library\Math\Vector.h">
      <Filter>ヘッダー ファイル</Filter>
    </ClInclude>
    <ClInclude Include="Library\ImGui\ImGuiManager.h">
      <Filter>ヘッダー ファイル</Filter>
    </ClInclude>
    <ClInclude Include="Library\HRTrace.h">
      <Filter>ヘッダー ファイル</Filter>
    </ClInclude>
    <ClInclude Include="Library\Graphics\Graphics.h">
      <Filter>ヘッダー ファイル</Filter>
    </ClInclude>
    <ClInclude Include="Library\Graphics\ConstantBufferManager.h">
      <Filter>ヘッダー ファイル</Filter>
    </ClInclude>
    <ClInclude Include="Library\ResourceManager\GpuResourceManager.h">
      <Filter>ヘッダー ファイル</Filter>
    </ClInclude>
    <ClInclude Include="Library\Graphics\RenderContext.h">
      <Filter>ヘッダー ファイル</Filter>
    </ClInclude>
    <ClInclude Include="Library\Graphics\RenderState.h">
      <Filter>ヘッダー ファイル</Filter>
    </ClInclude>
    <ClInclude Include="Library\DebugSupporter\Camera\DebugCamera.h">
      <Filter>ヘッダー ファイル</Filter>
    </ClInclude>
    <ClInclude Include="Library\DebugSupporter\Input\DebugInput.h">
      <Filter>ヘッダー ファイル</Filter>
    </ClInclude>
    <ClInclude Include="Library\DebugSupporter\Renderer\DebugRenderer.h">
      <Filter>ヘッダー ファイル</Filter>
    </ClInclude>
    <ClInclude Include="Library\DebugSupporter\DebugSupporter.h">
      <Filter>ヘッダー ファイル</Filter>
    </ClInclude>
    <ClInclude Include="Library\Camera\Camera.h">
      <Filter>ヘッダー ファイル</Filter>
    </ClInclude>
    <ClInclude Include="Library\Camera\CameraController.h">
      <Filter>ヘッダー ファイル</Filter>
    </ClInclude>
    <ClInclude Include="Library\Input\ManagedTarget\GamePadInput.h">
      <Filter>ヘッダー ファイル</Filter>
    </ClInclude>
    <ClInclude Include="Library\Input\ManagedTarget\KeybordInput.h">
      <Filter>ヘッダー ファイル</Filter>
    </ClInclude>
    <ClInclude Include="Library\Input\ManagedTarget\MouseInput.h">
      <Filter>ヘッダー ファイル</Filter>
    </ClInclude>
    <ClInclude Include="Library\Input\Input.h">
      <Filter>ヘッダー ファイル</Filter>
    </ClInclude>
    <ClInclude Include="Library\ImGui\imgui-docking\imconfig.h">
      <Filter>ヘッダー ファイル</Filter>
    </ClInclude>
    <ClInclude Include="Library\ImGui\imgui-docking\imgui.h">
      <Filter>ヘッダー ファイル</Filter>
    </ClInclude>
    <ClInclude Include="Library\ImGui\imgui-docking\imgui_impl_dx11.h">
      <Filter>ヘッダー ファイル</Filter>
    </ClInclude>
    <ClInclude Include="Library\ImGui\imgui-docking\imgui_impl_win32.h">
      <Filter>ヘッダー ファイル</Filter>
    </ClInclude>
    <ClInclude Include="Library\ImGui\imgui-docking\imgui_internal.h">
      <Filter>ヘッダー ファイル</Filter>
    </ClInclude>
    <ClInclude Include="Library\ImGui\imgui-docking\imstb_rectpack.h">
      <Filter>ヘッダー ファイル</Filter>
    </ClInclude>
    <ClInclude Include="Library\ImGui\imgui-docking\imstb_textedit.h">
      <Filter>ヘッダー ファイル</Filter>
    </ClInclude>
    <ClInclude Include="Library\ImGui\imgui-docking\imstb_truetype.h">
      <Filter>ヘッダー ファイル</Filter>
    </ClInclude>
    <ClInclude Include="Library\ImGui\ImGuizmo\ImCurveEdit.h">
      <Filter>ヘッダー ファイル</Filter>
    </ClInclude>
    <ClInclude Include="Library\ImGui\ImGuizmo\ImGradient.h">
      <Filter>ヘッダー ファイル</Filter>
    </ClInclude>
    <ClInclude Include="Library\ImGui\ImGuizmo\ImGuizmo.h">
      <Filter>ヘッダー ファイル</Filter>
    </ClInclude>
    <ClInclude Include="Library\ImGui\ImGuizmo\ImSequencer.h">
      <Filter>ヘッダー ファイル</Filter>
    </ClInclude>
    <ClInclude Include="Library\Scene\Test\SceneDebug.h">
      <Filter>ヘッダー ファイル</Filter>
    </ClInclude>
    <ClInclude Include="Library\Scene\Scene.h">
      <Filter>ヘッダー ファイル</Filter>
    </ClInclude>
    <ClInclude Include="Library\Scene\SceneLoading.h">
      <Filter>ヘッダー ファイル</Filter>
    </ClInclude>
    <ClInclude Include="Library\Scene\SceneManager.h">
      <Filter>ヘッダー ファイル</Filter>
    </ClInclude>
    <ClInclude Include="Library\Model\ModelResource.h">
      <Filter>ヘッダー ファイル</Filter>
    </ClInclude>
    <ClInclude Include="Library\Model\SerializeFunction.h">
      <Filter>ヘッダー ファイル</Filter>
    </ClInclude>
    <ClInclude Include="Library\ResourceManager\ModelResourceManager.h">
      <Filter>ヘッダー ファイル</Filter>
    </ClInclude>
    <ClInclude Include="Library\Renderer\PrimitiveRenderer.h">
      <Filter>ヘッダー ファイル</Filter>
    </ClInclude>
    <ClInclude Include="Library\Model\Model.h">
      <Filter>ヘッダー ファイル</Filter>
    </ClInclude>
    <ClInclude Include="Library\2D\SkyMap.h">
      <Filter>ヘッダー ファイル</Filter>
    </ClInclude>
    <ClInclude Include="Library\Shader\CascadedShadowMap\CascadedShadowMapShader.h">
      <Filter>ヘッダー ファイル</Filter>
    </ClInclude>
    <ClInclude Include="Library\Shader\Phong\PhongShader.h">
      <Filter>ヘッダー ファイル</Filter>
    </ClInclude>
    <ClInclude Include="Library\Shader\ShaderBase.h">
      <Filter>ヘッダー ファイル</Filter>
    </ClInclude>
    <ClInclude Include="Library\2D\Primitive.h">
      <Filter>ヘッダー ファイル</Filter>
    </ClInclude>
    <ClInclude Include="Library\2D\Sprite.h">
      <Filter>ヘッダー ファイル</Filter>
    </ClInclude>
    <ClInclude Include="Library\ImGui\imgui-docking\imgui_stdlib.h">
      <Filter>ヘッダー ファイル</Filter>
    </ClInclude>
    <ClInclude Include="Library\Actor\Actor.h">
      <Filter>ヘッダー ファイル</Filter>
    </ClInclude>
    <ClInclude Include="Library\Actor\ActorManager.h">
      <Filter>ヘッダー ファイル</Filter>
    </ClInclude>
    <ClInclude Include="Library\Component\Component.h">
      <Filter>ヘッダー ファイル</Filter>
    </ClInclude>
    <ClInclude Include="Library\Component\Collider\ColliderBase.h">
      <Filter>ヘッダー ファイル</Filter>
    </ClInclude>
    <ClInclude Include="Library\Component\ShapeController.h">
      <Filter>ヘッダー ファイル</Filter>
    </ClInclude>
    <ClInclude Include="Library\Component\Light\LightController.h">
      <Filter>ヘッダー ファイル</Filter>
    </ClInclude>
    <ClInclude Include="Library\Component\Light\PointLightController.h">
      <Filter>ヘッダー ファイル</Filter>
    </ClInclude>
    <ClInclude Include="Library\PostProcess\PostProcessManager.h">
      <Filter>ヘッダー ファイル</Filter>
    </ClInclude>
    <ClInclude Include="Library\PostProcess\PostProcessBase.h">
      <Filter>ヘッダー ファイル</Filter>
    </ClInclude>
    <ClInclude Include="Library\PostProcess\FrameBuffer.h">
      <Filter>ヘッダー ファイル</Filter>
    </ClInclude>
    <ClInclude Include="Library\PostProcess\CascadedShadowMap\CascadedShadowMap.h">
      <Filter>ヘッダー ファイル</Filter>
    </ClInclude>
    <ClInclude Include="Library\PostProcess\ChromaticAberration\ChromaticAberration.h">
      <Filter>ヘッダー ファイル</Filter>
    </ClInclude>
    <ClInclude Include="Library\PostProcess\GaussianFilter\GaussianFilter.h">
      <Filter>ヘッダー ファイル</Filter>
    </ClInclude>
    <ClInclude Include="Library\PostProcess\RadialBlur\RadialBlur.h">
      <Filter>ヘッダー ファイル</Filter>
    </ClInclude>
    <ClInclude Include="Library\Component\Animator.h">
      <Filter>ヘッダー ファイル</Filter>
    </ClInclude>
    <ClInclude Include="Library\Shader\Ramp\RampShader.h">
      <Filter>ヘッダー ファイル</Filter>
    </ClInclude>
    <ClInclude Include="Library\PostProcess\RobertsCross\RobertsCross.h">
      <Filter>ヘッダー ファイル</Filter>
    </ClInclude>
    <ClInclude Include="Library\Graphics\GBuffer.h">
      <Filter>ヘッダー ファイル</Filter>
    </ClInclude>
    <ClInclude Include="Library\Component\ModelRenderer.h">
      <Filter>ヘッダー ファイル</Filter>
    </ClInclude>
    <ClInclude Include="Library\PostProcess\FinalPass\FinalPass.h">
      <Filter>ヘッダー ファイル</Filter>
    </ClInclude>
    <ClInclude Include="Library\Renderer\MeshRenderer.h">
      <Filter>ヘッダー ファイル</Filter>
    </ClInclude>
    <ClInclude Include="Library\Shader\Grass\GrassShader.h">
      <Filter>ヘッダー ファイル</Filter>
    </ClInclude>
    <ClInclude Include="Source\Component\Stage\GrassController.h">
      <Filter>ヘッダー ファイル</Filter>
    </ClInclude>
    <ClInclude Include="Library\Shader\PBR\PBRShader.h">
      <Filter>ヘッダー ファイル</Filter>
    </ClInclude>
    <ClInclude Include="Source\Actor\Player\PlayerActor.h">
      <Filter>ヘッダー ファイル</Filter>
    </ClInclude>
    <ClInclude Include="Library\PostProcess\GlowExtraction\GlowExtraction.h">
      <Filter>ヘッダー ファイル</Filter>
    </ClInclude>
    <ClInclude Include="Library\PostProcess\DepthOfField\DepthOfField.h">
      <Filter>ヘッダー ファイル</Filter>
    </ClInclude>
    <ClInclude Include="Library\PostProcess\FXAA\FXAA.h">
      <Filter>ヘッダー ファイル</Filter>
    </ClInclude>
    <ClInclude Include="Source\Actor\Player\PlayerSwordActor.h">
      <Filter>ヘッダー ファイル</Filter>
    </ClInclude>
    <ClInclude Include="Source\Actor\Player\PlayerShieldActor.h">
      <Filter>ヘッダー ファイル</Filter>
    </ClInclude>
    <ClInclude Include="Source\Actor\WeaponActor.h">
      <Filter>ヘッダー ファイル</Filter>
    </ClInclude>
    <ClInclude Include="Source\Component\Player\PlayerInput.h">
      <Filter>ヘッダー ファイル</Filter>
    </ClInclude>
    <ClInclude Include="Library\Component\Rigidbody.h">
      <Filter>ヘッダー ファイル</Filter>
    </ClInclude>
    <ClInclude Include="Library\ImGui\ImGuiProfiler.h">
      <Filter>ヘッダー ファイル</Filter>
    </ClInclude>
    <ClInclude Include="Library\JobSystem\JobSystem.h">
      <Filter>ヘッダー ファイル</Filter>
    </ClInclude>
    <ClInclude Include="Source\Component\Player\PlayerController.h">
      <Filter>ヘッダー ファイル</Filter>
    </ClInclude>
    <ClInclude Include="Source\Scene\Test\ScenePlayerDebug.h">
      <Filter>ヘッダー ファイル</Filter>
    </ClInclude>
    <ClInclude Include="Source\Scene\Test\SceneDragonDebug.h">
      <Filter>ヘッダー ファイル</Filter>
    </ClInclude>
    <ClInclude Include="Library\Graphics\Light.h">
      <Filter>ヘッダー ファイル</Filter>
    </ClInclude>
    <ClInclude Include="Library\Actor\Camera\MainCamera.h">
      <Filter>ヘッダー ファイル</Filter>
    </ClInclude>
    <ClInclude Include="Source\Scene\Test\SceneCollisionDebug.h">
      <Filter>ヘッダー ファイル</Filter>
    </ClInclude>
    <ClInclude Include="Library\Scene\Editor\SceneModelEditor.h">
      <Filter>ヘッダー ファイル</Filter>
    </ClInclude>
    <ClInclude Include="Library\Network\ClientAssignment.h">
      <Filter>ヘッダー ファイル</Filter>
    </ClInclude>
    <ClInclude Include="Source\Scene\Test\SceneNetworkDebug.h">
      <Filter>ヘッダー ファイル</Filter>
    </ClInclude>
    <ClInclude Include="Source\Actor\Mediator\NetworkMediator.h">
      <Filter>ヘッダー ファイル</Filter>
    </ClInclude>
    <ClInclude Include="Library\Component\CharactorController.h">
      <Filter>ヘッダー ファイル</Filter>
    </ClInclude>
    <ClInclude Include="Source\Component\Camera\PlayerCameraController.h">
      <Filter>ヘッダー ファイル</Filter>
    </ClInclude>
    <ClInclude Include="Source\Actor\Stage\StageActor.h">
      <Filter>ヘッダー ファイル</Filter>
    </ClInclude>
    <ClInclude Include="Library\Component\Collider\MeshCollider.h">
      <Filter>ヘッダー ファイル</Filter>
    </ClInclude>
    <ClInclude Include="Library\Collision\CollisionManager.h">
      <Filter>ヘッダー ファイル</Filter>
    </ClInclude>
    <ClInclude Include="Library\Component\Collider\SphereCollider.h">
      <Filter>ヘッダー ファイル</Filter>
    </ClInclude>
    <ClInclude Include="Library\Component\Collider\BoxCollider.h">
      <Filter>ヘッダー ファイル</Filter>
    </ClInclude>
    <ClInclude Include="Library\Component\Collider\CapsuleCollider.h">
      <Filter>ヘッダー ファイル</Filter>
    </ClInclude>
    <ClInclude Include="Library\Collision\CollisionMath.h">
      <Filter>ヘッダー ファイル</Filter>
    </ClInclude>
    <ClInclude Include="Library\Algorithm\Converter.h">
      <Filter>ヘッダー ファイル</Filter>
    </ClInclude>
    <ClInclude Include="Library\Algorithm\StateMachine\StateBase.h">
      <Filter>ヘッダー ファイル</Filter>
    </ClInclude>
    <ClInclude Include="Library\Algorithm\StateMachine\StateMachine.h">
      <Filter>ヘッダー ファイル</Filter>
    </ClInclude>
    <ClInclude Include="Source\StateMachine\Player\PlayerStateMachine.h">
      <Filter>ヘッダー ファイル</Filter>
    </ClInclude>
    <ClInclude Include="Library\Model\AnimationEvent.h">
      <Filter>ヘッダー ファイル</Filter>
    </ClInclude>
    <ClInclude Include="Source\Actor\Enemy\Dummy\DummyActor.h">
      <Filter>ヘッダー ファイル</Filter>
    </ClInclude>
    <ClInclude Include="Source\Component\Enemy\EnemyController.h">
      <Filter>ヘッダー ファイル</Filter>
    </ClInclude>
    <ClInclude Include="Library\Component\Collider\ModelCollider.h">
      <Filter>ヘッダー ファイル</Filter>
    </ClInclude>
    <ClInclude Include="Library\Model\ModelCollision.h">
      <Filter>ヘッダー ファイル</Filter>
    </ClInclude>
    <ClInclude Include="Library\Collision\CollisionDefine.h">
      <Filter>ヘッダー ファイル</Filter>
    </ClInclude>
    <ClInclude Include="Library\Renderer\TextureRenderer.h">
      <Filter>ヘッダー ファイル</Filter>
    </ClInclude>
    <ClInclude Include="Library\Material\Material.h">
      <Filter>ヘッダー ファイル</Filter>
    </ClInclude>
    <ClInclude Include="Source\Interface\Common\IDamagable.h">
      <Filter>ヘッダー ファイル</Filter>
    </ClInclude>
    <ClInclude Include="Source\Component\Enemy\Dummy\DummyEnemyController.h">
      <Filter>ヘッダー ファイル</Filter>
    </ClInclude>
    <ClInclude Include="Source\Component\Enemy\Wyvern\WyvernEnemyController.h">
      <Filter>ヘッダー ファイル</Filter>
    </ClInclude>
    <ClInclude Include="Source\StateMachine\Enemy\Wyvern\WyvernStateMachine.h">
      <Filter>ヘッダー ファイル</Filter>
    </ClInclude>
    <ClInclude Include="Source\Actor\Enemy\Wyvern\WyvernActor.h">
      <Filter>ヘッダー ファイル</Filter>
    </ClInclude>
  </ItemGroup>
  <ItemGroup>
    <None Include="HLSL\DebugSupporter\DebugRenderer.hlsli" />
    <None Include="HLSL\Function\ToMatrix.hlsli" />
    <None Include="HLSL\Function\ShadingFunctions.hlsli" />
    <None Include="HLSL\Scene\SceneConstantBuffer.hlsli" />
    <None Include="HLSL\Model\Light.hlsli" />
    <None Include="HLSL\Model\ModelInputLayout.hlsli" />
    <None Include="HLSL\Model\Skinning.hlsli" />
    <None Include="HLSL\Model\CascadedShadow\CascadedShadow.hlsli" />
    <None Include="HLSL\Model\Phong\Phong.hlsli" />
    <None Include="HLSL\PrimitiveRenderer\PrimitiveRenderer.hlsli" />
    <None Include="HLSL\Primitive\Primitive.hlsli" />
    <None Include="HLSL\Sprite\Sprite.hlsli" />
    <None Include="HLSL\PostProcess\Bloom\Bloom.hlsli" />
    <None Include="HLSL\PostProcess\GaussianFilter\GaussianFilter.hlsli" />
    <None Include="HLSL\SkyMap\SkyMap.hlsli" />
    <None Include="HLSL\GBuffer\GBuffer.hlsli" />
    <None Include="HLSL\Model\Grass\Grass.hlsli" />
    <None Include="HLSL\PostProcess\FinalPass\FilterFunctions.hlsli" />
    <None Include="HLSL\Model\PhysicalBasedRendering\PhysicalBasedRendering.hlsli" />
    <None Include="HLSL\Define\SamplerStateDefine.hlsli" />
    <None Include="HLSL\PostProcess\FXAA\FXAA.hlsl" />
  </ItemGroup>
  <ItemGroup>
    <FxCompile Include="HLSL\DebugSupporter\DebugRendererPS.hlsl" />
    <FxCompile Include="HLSL\DebugSupporter\DebugRendererVS.hlsl" />
    <FxCompile Include="HLSL\Model\CascadedShadow\CascadedShadowBatchingVS.hlsl" />
    <FxCompile Include="HLSL\Model\CascadedShadow\CascadedShadowGS.hlsl" />
    <FxCompile Include="HLSL\Model\CascadedShadow\CascadedShadowInstancedVS.hlsl" />
    <FxCompile Include="HLSL\Model\CascadedShadow\CascadedShadowVS.hlsl" />
    <FxCompile Include="HLSL\Model\Phong\PhongBatchingVS.hlsl" />
    <FxCompile Include="HLSL\Model\Phong\PhongInstancedVS.hlsl" />
    <FxCompile Include="HLSL\Model\Phong\PhongPS.hlsl" />
    <FxCompile Include="HLSL\Model\Phong\PhongVS.hlsl" />
    <FxCompile Include="HLSL\PrimitiveRenderer\PrimitiveRendererPS.hlsl" />
    <FxCompile Include="HLSL\PrimitiveRenderer\PrimitiveRendererVS.hlsl" />
    <FxCompile Include="HLSL\Primitive\PrimitivePS.hlsl" />
    <FxCompile Include="HLSL\Primitive\PrimitiveVS.hlsl" />
    <FxCompile Include="HLSL\Sprite\FullscreenQuadVS.hlsl" />
    <FxCompile Include="HLSL\Sprite\SpritePS.hlsl" />
    <FxCompile Include="HLSL\Sprite\SpriteVS.hlsl" />
    <FxCompile Include="HLSL\PostProcess\Bloom\AddBloomPS.hlsl" />
    <FxCompile Include="HLSL\PostProcess\GaussianFilter\DownsamplingPS.hlsl" />
    <FxCompile Include="HLSL\PostProcess\GaussianFilter\HorizontalFilterPS.hlsl" />
    <FxCompile Include="HLSL\PostProcess\GaussianFilter\UpsamplingPS.hlsl" />
    <FxCompile Include="HLSL\PostProcess\GaussianFilter\VerticalFilterPS.hlsl" />
    <FxCompile Include="HLSL\PostProcess\GlowExtraction\GlowExtractionPS.hlsl" />
    <FxCompile Include="HLSL\PostProcess\CascadedShadowMap\CascadedShadowMapPS.hlsl" />
    <FxCompile Include="HLSL\PostProcess\ChromaticAberration\ChromaticAberrationPS.hlsl" />
    <FxCompile Include="HLSL\PostProcess\RadialBlur\RadialBlurPS.hlsl" />
    <FxCompile Include="HLSL\SkyMap\SkyBoxPS.hlsl" />
    <FxCompile Include="HLSL\SkyMap\SkyMapPS.hlsl" />
    <FxCompile Include="HLSL\SkyMap\SkyMapVS.hlsl" />
    <FxCompile Include="HLSL\Model\Ramp\RampPS.hlsl" />
    <FxCompile Include="HLSL\PostProcess\RobertsCross\RobertsCrossPS.hlsl" />
    <FxCompile Include="HLSL\Model\Phong\PhongGBPS.hlsl" />
    <FxCompile Include="HLSL\GBuffer\DeferredRenderingPS.hlsl" />
    <FxCompile Include="HLSL\Model\Grass\GrassDS.hlsl" />
    <FxCompile Include="HLSL\Model\Grass\GrassGS.hlsl" />
    <FxCompile Include="HLSL\Model\Grass\GrassHS.hlsl" />
    <FxCompile Include="HLSL\Model\Grass\GrassPS.hlsl" />
    <FxCompile Include="HLSL\Model\Grass\GrassVS.hlsl" />
    <FxCompile Include="HLSL\PostProcess\FinalPass\FinalPassPS.hlsl" />
    <FxCompile Include="HLSL\Model\Grass\GrassGBPS.hlsl" />
    <FxCompile Include="HLSL\Model\PhysicalBasedRendering\PhysicalBasedRenderingGBPS.hlsl" />
    <FxCompile Include="HLSL\Model\PhysicalBasedRendering\PhysicalBasedRenderingPS.hlsl" />
    <FxCompile Include="HLSL\GBuffer\PBRDeferredRenderingPS.hlsl" />
    <FxCompile Include="HLSL\PostProcess\DepthOfField\DepthOfFieldPS.hlsl" />
    <FxCompile Include="HLSL\PostProcess\FXAA\FXAAPS.hlsl" />
    <FxCompile Include="HLSL\Sprite\SpriteWithDepthPS.hlsl" />
    <FxCompile Include="HLSL\GBuffer\ScreenSpaceReflection\ScreenSpaceReflectionPS.hlsl" />
  </ItemGroup>
</Project>